
Microsoft Visual Studio Solution File, Format Version 12.00
# Visual Studio 15
Project("{FAE04EC0-301F-11D3-BF4B-00C04F79EFBC}") = "Assembly-CSharp", "Assembly-CSharp.csproj", "{DEF25B8D-3BF7-60CC-34BF-22674186198B}"
EndProject
Project("{FAE04EC0-301F-11D3-BF4B-00C04F79EFBC}") = "Tests", "Tests.csproj", "{20C8CEED-CC44-B121-DDF3-1A41B45E1725}"
EndProject
Global
	GlobalSection(SolutionConfigurationPlatforms) = preSolution
		Debug|Any CPU = Debug|Any CPU
		Release|Any CPU = Release|Any CPU
	EndGlobalSection
	GlobalSection(ProjectConfigurationPlatforms) = postSolution
		{DEF25B8D-3BF7-60CC-34BF-22674186198B}.Debug|Any CPU.ActiveCfg = Debug|Any CPU
		{DEF25B8D-3BF7-60CC-34BF-22674186198B}.Debug|Any CPU.Build.0 = Debug|Any CPU
		{DEF25B8D-3BF7-60CC-34BF-22674186198B}.Release|Any CPU.ActiveCfg = Release|Any CPU
		{DEF25B8D-3BF7-60CC-34BF-22674186198B}.Release|Any CPU.Build.0 = Release|Any CPU
		{20C8CEED-CC44-B121-DDF3-1A41B45E1725}.Debug|Any CPU.ActiveCfg = Debug|Any CPU
		{20C8CEED-CC44-B121-DDF3-1A41B45E1725}.Debug|Any CPU.Build.0 = Debug|Any CPU
		{20C8CEED-CC44-B121-DDF3-1A41B45E1725}.Release|Any CPU.ActiveCfg = Release|Any CPU
		{20C8CEED-CC44-B121-DDF3-1A41B45E1725}.Release|Any CPU.Build.0 = Release|Any CPU
	EndGlobalSection
	GlobalSection(SolutionProperties) = preSolution
		HideSolutionNode = FALSE
	EndGlobalSection
EndGlobal
